
Microsoft Visual Studio Solution File, Format Version 12.00
# Visual Studio Version 16
VisualStudioVersion = 16.0.31205.134
MinimumVisualStudioVersion = 10.0.40219.1
Project("{FAE04EC0-301F-11D3-BF4B-00C04F79EFBC}") = "IdentityApi", "IdentityApi\IdentityApi.csproj", "{9F779616-90CC-45C9-9D0C-AA9BF069D895}"
EndProject
Project("{FAE04EC0-301F-11D3-BF4B-00C04F79EFBC}") = "IdentityApi.Models", "IdentityApi.Models\IdentityApi.Models.csproj", "{47AEA937-5549-430D-A40F-FDD645BB42AA}"
EndProject
Project("{FAE04EC0-301F-11D3-BF4B-00C04F79EFBC}") = "IdentityApi.Repository", "Repository\IdentityApi.Repository.csproj", "{2E98009C-303C-430C-927D-C14B558924AD}"
EndProject
Project("{FAE04EC0-301F-11D3-BF4B-00C04F79EFBC}") = "IdentityApi.Test", "IdentityApi.Test\IdentityApi.Test.csproj", "{6504D419-B3A5-4689-88B8-1281AAF85BE7}"
EndProject
Global
	GlobalSection(SolutionConfigurationPlatforms) = preSolution
		Debug|Any CPU = Debug|Any CPU
		Release|Any CPU = Release|Any CPU
	EndGlobalSection
	GlobalSection(ProjectConfigurationPlatforms) = postSolution
		{9F779616-90CC-45C9-9D0C-AA9BF069D895}.Debug|Any CPU.ActiveCfg = Debug|Any CPU
		{9F779616-90CC-45C9-9D0C-AA9BF069D895}.Debug|Any CPU.Build.0 = Debug|Any CPU
		{9F779616-90CC-45C9-9D0C-AA9BF069D895}.Release|Any CPU.ActiveCfg = Release|Any CPU
		{9F779616-90CC-45C9-9D0C-AA9BF069D895}.Release|Any CPU.Build.0 = Release|Any CPU
		{47AEA937-5549-430D-A40F-FDD645BB42AA}.Debug|Any CPU.ActiveCfg = Debug|Any CPU
		{47AEA937-5549-430D-A40F-FDD645BB42AA}.Debug|Any CPU.Build.0 = Debug|Any CPU
		{47AEA937-5549-430D-A40F-FDD645BB42AA}.Release|Any CPU.ActiveCfg = Release|Any CPU
		{47AEA937-5549-430D-A40F-FDD645BB42AA}.Release|Any CPU.Build.0 = Release|Any CPU
		{2E98009C-303C-430C-927D-C14B558924AD}.Debug|Any CPU.ActiveCfg = Debug|Any CPU
		{2E98009C-303C-430C-927D-C14B558924AD}.Debug|Any CPU.Build.0 = Debug|Any CPU
		{2E98009C-303C-430C-927D-C14B558924AD}.Release|Any CPU.ActiveCfg = Release|Any CPU
		{2E98009C-303C-430C-927D-C14B558924AD}.Release|Any CPU.Build.0 = Release|Any CPU
		{6504D419-B3A5-4689-88B8-1281AAF85BE7}.Debug|Any CPU.ActiveCfg = Debug|Any CPU
		{6504D419-B3A5-4689-88B8-1281AAF85BE7}.Debug|Any CPU.Build.0 = Debug|Any CPU
		{6504D419-B3A5-4689-88B8-1281AAF85BE7}.Release|Any CPU.ActiveCfg = Release|Any CPU
		{6504D419-B3A5-4689-88B8-1281AAF85BE7}.Release|Any CPU.Build.0 = Release|Any CPU
	EndGlobalSection
	GlobalSection(SolutionProperties) = preSolution
		HideSolutionNode = FALSE
	EndGlobalSection
	GlobalSection(ExtensibilityGlobals) = postSolution
		SolutionGuid = {29AE37DD-C210-44DA-AA71-240560DADDB7}
	EndGlobalSection
EndGlobal
